// !$*UTF8*$!
{
	archiveVersion = 1;
	classes = {
	};
	objectVersion = 50;
	objects = {

/* Begin PBXBuildFile section */
		89E461AD21C7B634004A312D /* AppDelegate.swift in Sources */ = {isa = PBXBuildFile; fileRef = 89E461AC21C7B634004A312D /* AppDelegate.swift */; };
		89E461AF21C7B634004A312D /* ViewController.swift in Sources */ = {isa = PBXBuildFile; fileRef = 89E461AE21C7B634004A312D /* ViewController.swift */; };
		89E461B221C7B634004A312D /* Main.storyboard in Resources */ = {isa = PBXBuildFile; fileRef = 89E461B021C7B634004A312D /* Main.storyboard */; };
		89E461B521C7B634004A312D /* Animations.xcdatamodeld in Sources */ = {isa = PBXBuildFile; fileRef = 89E461B321C7B634004A312D /* Animations.xcdatamodeld */; };
		89E461B721C7B64C004A312D /* Assets.xcassets in Resources */ = {isa = PBXBuildFile; fileRef = 89E461B621C7B64C004A312D /* Assets.xcassets */; };
		89E461BA21C7B64C004A312D /* LaunchScreen.storyboard in Resources */ = {isa = PBXBuildFile; fileRef = 89E461B821C7B64C004A312D /* LaunchScreen.storyboard */; };
		89E461C521C7B64C004A312D /* AnimationsTests.swift in Sources */ = {isa = PBXBuildFile; fileRef = 89E461C421C7B64C004A312D /* AnimationsTests.swift */; };
		89E461D021C7B64C004A312D /* AnimationsUITests.swift in Sources */ = {isa = PBXBuildFile; fileRef = 89E461CF21C7B64C004A312D /* AnimationsUITests.swift */; };
		89E461DE21C7B906004A312D /* SwiftLoader.swift in Sources */ = {isa = PBXBuildFile; fileRef = 89E461DD21C7B906004A312D /* SwiftLoader.swift */; };
/* End PBXBuildFile section */

/* Begin PBXContainerItemProxy section */
		89E461C121C7B64C004A312D /* PBXContainerItemProxy */ = {
			isa = PBXContainerItemProxy;
			containerPortal = 89E461A121C7B634004A312D /* Project object */;
			proxyType = 1;
			remoteGlobalIDString = 89E461A821C7B634004A312D;
			remoteInfo = Animations;
		};
		89E461CC21C7B64C004A312D /* PBXContainerItemProxy */ = {
			isa = PBXContainerItemProxy;
			containerPortal = 89E461A121C7B634004A312D /* Project object */;
			proxyType = 1;
			remoteGlobalIDString = 89E461A821C7B634004A312D;
			remoteInfo = Animations;
		};
/* End PBXContainerItemProxy section */

/* Begin PBXFileReference section */
		89E461A921C7B634004A312D /* Animations.app */ = {isa = PBXFileReference; explicitFileType = wrapper.application; includeInIndex = 0; path = Animations.app; sourceTree = BUILT_PRODUCTS_DIR; };
		89E461AC21C7B634004A312D /* AppDelegate.swift */ = {isa = PBXFileReference; lastKnownFileType = sourcecode.swift; path = AppDelegate.swift; sourceTree = "<group>"; };
		89E461AE21C7B634004A312D /* ViewController.swift */ = {isa = PBXFileReference; lastKnownFileType = sourcecode.swift; path = ViewController.swift; sourceTree = "<group>"; };
		89E461B121C7B634004A312D /* Base */ = {isa = PBXFileReference; lastKnownFileType = file.storyboard; name = Base; path = Base.lproj/Main.storyboard; sourceTree = "<group>"; };
		89E461B421C7B634004A312D /* Animations.xcdatamodel */ = {isa = PBXFileReference; lastKnownFileType = wrapper.xcdatamodel; path = Animations.xcdatamodel; sourceTree = "<group>"; };
		89E461B621C7B64C004A312D /* Assets.xcassets */ = {isa = PBXFileReference; lastKnownFileType = folder.assetcatalog; path = Assets.xcassets; sourceTree = "<group>"; };
		89E461B921C7B64C004A312D /* Base */ = {isa = PBXFileReference; lastKnownFileType = file.storyboard; name = Base; path = Base.lproj/LaunchScreen.storyboard; sourceTree = "<group>"; };
		89E461BB21C7B64C004A312D /* Info.plist */ = {isa = PBXFileReference; lastKnownFileType = text.plist.xml; path = Info.plist; sourceTree = "<group>"; };
		89E461C021C7B64C004A312D /* AnimationsTests.xctest */ = {isa = PBXFileReference; explicitFileType = wrapper.cfbundle; includeInIndex = 0; path = AnimationsTests.xctest; sourceTree = BUILT_PRODUCTS_DIR; };
		89E461C421C7B64C004A312D /* AnimationsTests.swift */ = {isa = PBXFileReference; lastKnownFileType = sourcecode.swift; path = AnimationsTests.swift; sourceTree = "<group>"; };
		89E461C621C7B64C004A312D /* Info.plist */ = {isa = PBXFileReference; lastKnownFileType = text.plist.xml; path = Info.plist; sourceTree = "<group>"; };
		89E461CB21C7B64C004A312D /* AnimationsUITests.xctest */ = {isa = PBXFileReference; explicitFileType = wrapper.cfbundle; includeInIndex = 0; path = AnimationsUITests.xctest; sourceTree = BUILT_PRODUCTS_DIR; };
		89E461CF21C7B64C004A312D /* AnimationsUITests.swift */ = {isa = PBXFileReference; lastKnownFileType = sourcecode.swift; path = AnimationsUITests.swift; sourceTree = "<group>"; };
		89E461D121C7B64C004A312D /* Info.plist */ = {isa = PBXFileReference; lastKnownFileType = text.plist.xml; path = Info.plist; sourceTree = "<group>"; };
		89E461DD21C7B906004A312D /* SwiftLoader.swift */ = {isa = PBXFileReference; lastKnownFileType = sourcecode.swift; path = SwiftLoader.swift; sourceTree = "<group>"; };
/* End PBXFileReference section */

/* Begin PBXFrameworksBuildPhase section */
		89E461A621C7B634004A312D /* Frameworks */ = {
			isa = PBXFrameworksBuildPhase;
			buildActionMask = 2147483647;
			files = (
			);
			runOnlyForDeploymentPostprocessing = 0;
		};
		89E461BD21C7B64C004A312D /* Frameworks */ = {
			isa = PBXFrameworksBuildPhase;
			buildActionMask = 2147483647;
			files = (
			);
			runOnlyForDeploymentPostprocessing = 0;
		};
		89E461C821C7B64C004A312D /* Frameworks */ = {
			isa = PBXFrameworksBuildPhase;
			buildActionMask = 2147483647;
			files = (
			);
			runOnlyForDeploymentPostprocessing = 0;
		};
/* End PBXFrameworksBuildPhase section */

/* Begin PBXGroup section */
		89E461A021C7B634004A312D = {
			isa = PBXGroup;
			children = (
				89E461AB21C7B634004A312D /* Animations */,
				89E461C321C7B64C004A312D /* AnimationsTests */,
				89E461CE21C7B64C004A312D /* AnimationsUITests */,
				89E461AA21C7B634004A312D /* Products */,
			);
			sourceTree = "<group>";
		};
		89E461AA21C7B634004A312D /* Products */ = {
			isa = PBXGroup;
			children = (
				89E461A921C7B634004A312D /* Animations.app */,
				89E461C021C7B64C004A312D /* AnimationsTests.xctest */,
				89E461CB21C7B64C004A312D /* AnimationsUITests.xctest */,
			);
			name = Products;
			sourceTree = "<group>";
		};
		89E461AB21C7B634004A312D /* Animations */ = {
			isa = PBXGroup;
			children = (
				89E461AC21C7B634004A312D /* AppDelegate.swift */,
				89E461AE21C7B634004A312D /* ViewController.swift */,
				89E461B021C7B634004A312D /* Main.storyboard */,
				89E461B621C7B64C004A312D /* Assets.xcassets */,
				89E461B821C7B64C004A312D /* LaunchScreen.storyboard */,
				89E461BB21C7B64C004A312D /* Info.plist */,
				89E461B321C7B634004A312D /* Animations.xcdatamodeld */,
				89E461DD21C7B906004A312D /* SwiftLoader.swift */,
			);
			path = Animations;
			sourceTree = "<group>";
		};
		89E461C321C7B64C004A312D /* AnimationsTests */ = {
			isa = PBXGroup;
			children = (
				89E461C421C7B64C004A312D /* AnimationsTests.swift */,
				89E461C621C7B64C004A312D /* Info.plist */,
			);
			path = AnimationsTests;
			sourceTree = "<group>";
		};
		89E461CE21C7B64C004A312D /* AnimationsUITests */ = {
			isa = PBXGroup;
			children = (
				89E461CF21C7B64C004A312D /* AnimationsUITests.swift */,
				89E461D121C7B64C004A312D /* Info.plist */,
			);
			path = AnimationsUITests;
			sourceTree = "<group>";
		};
/* End PBXGroup section */

/* Begin PBXNativeTarget section */
		89E461A821C7B634004A312D /* Animations */ = {
			isa = PBXNativeTarget;
			buildConfigurationList = 89E461D421C7B64C004A312D /* Build configuration list for PBXNativeTarget "Animations" */;
			buildPhases = (
				89E461A521C7B634004A312D /* Sources */,
				89E461A621C7B634004A312D /* Frameworks */,
				89E461A721C7B634004A312D /* Resources */,
			);
			buildRules = (
			);
			dependencies = (
			);
			name = Animations;
			productName = Animations;
			productReference = 89E461A921C7B634004A312D /* Animations.app */;
			productType = "com.apple.product-type.application";
		};
		89E461BF21C7B64C004A312D /* AnimationsTests */ = {
			isa = PBXNativeTarget;
			buildConfigurationList = 89E461D721C7B64C004A312D /* Build configuration list for PBXNativeTarget "AnimationsTests" */;
			buildPhases = (
				89E461BC21C7B64C004A312D /* Sources */,
				89E461BD21C7B64C004A312D /* Frameworks */,
				89E461BE21C7B64C004A312D /* Resources */,
			);
			buildRules = (
			);
			dependencies = (
				89E461C221C7B64C004A312D /* PBXTargetDependency */,
			);
			name = AnimationsTests;
			productName = AnimationsTests;
			productReference = 89E461C021C7B64C004A312D /* AnimationsTests.xctest */;
			productType = "com.apple.product-type.bundle.unit-test";
		};
		89E461CA21C7B64C004A312D /* AnimationsUITests */ = {
			isa = PBXNativeTarget;
			buildConfigurationList = 89E461DA21C7B64C004A312D /* Build configuration list for PBXNativeTarget "AnimationsUITests" */;
			buildPhases = (
				89E461C721C7B64C004A312D /* Sources */,
				89E461C821C7B64C004A312D /* Frameworks */,
				89E461C921C7B64C004A312D /* Resources */,
			);
			buildRules = (
			);
			dependencies = (
				89E461CD21C7B64C004A312D /* PBXTargetDependency */,
			);
			name = AnimationsUITests;
			productName = AnimationsUITests;
			productReference = 89E461CB21C7B64C004A312D /* AnimationsUITests.xctest */;
			productType = "com.apple.product-type.bundle.ui-testing";
		};
/* End PBXNativeTarget section */

/* Begin PBXProject section */
		89E461A121C7B634004A312D /* Project object */ = {
			isa = PBXProject;
			attributes = {
				LastSwiftUpdateCheck = 0940;
				LastUpgradeCheck = 0940;
				ORGANIZATIONNAME = kashee;
				TargetAttributes = {
					89E461A821C7B634004A312D = {
						CreatedOnToolsVersion = 9.4.1;
					};
					89E461BF21C7B64C004A312D = {
						CreatedOnToolsVersion = 9.4.1;
						TestTargetID = 89E461A821C7B634004A312D;
					};
					89E461CA21C7B64C004A312D = {
						CreatedOnToolsVersion = 9.4.1;
						TestTargetID = 89E461A821C7B634004A312D;
					};
				};
			};
			buildConfigurationList = 89E461A421C7B634004A312D /* Build configuration list for PBXProject "Animations" */;
			compatibilityVersion = "Xcode 9.3";
			developmentRegion = en;
			hasScannedForEncodings = 0;
			knownRegions = (
				en,
				Base,
			);
			mainGroup = 89E461A021C7B634004A312D;
			productRefGroup = 89E461AA21C7B634004A312D /* Products */;
			projectDirPath = "";
			projectRoot = "";
			targets = (
				89E461A821C7B634004A312D /* Animations */,
				89E461BF21C7B64C004A312D /* AnimationsTests */,
				89E461CA21C7B64C004A312D /* AnimationsUITests */,
			);
		};
/* End PBXProject section */

/* Begin PBXResourcesBuildPhase section */
		89E461A721C7B634004A312D /* Resources */ = {
			isa = PBXResourcesBuildPhase;
			buildActionMask = 2147483647;
			files = (
				89E461BA21C7B64C004A312D /* LaunchScreen.storyboard in Resources */,
				89E461B721C7B64C004A312D /* Assets.xcassets in Resources */,
				89E461B221C7B634004A312D /* Main.storyboard in Resources */,
			);
			runOnlyForDeploymentPostprocessing = 0;
		};
		89E461BE21C7B64C004A312D /* Resources */ = {
			isa = PBXResourcesBuildPhase;
			buildActionMask = 2147483647;
			files = (
			);
			runOnlyForDeploymentPostprocessing = 0;
		};
		89E461C921C7B64C004A312D /* Resources */ = {
			isa = PBXResourcesBuildPhase;
			buildActionMask = 2147483647;
			files = (
			);
			runOnlyForDeploymentPostprocessing = 0;
		};
/* End PBXResourcesBuildPhase section */

/* Begin PBXSourcesBuildPhase section */
		89E461A521C7B634004A312D /* Sources */ = {
			isa = PBXSourcesBuildPhase;
			buildActionMask = 2147483647;
			files = (
				89E461DE21C7B906004A312D /* SwiftLoader.swift in Sources */,
				89E461AF21C7B634004A312D /* ViewController.swift in Sources */,
				89E461B521C7B634004A312D /* Animations.xcdatamodeld in Sources */,
				89E461AD21C7B634004A312D /* AppDelegate.swift in Sources */,
			);
			runOnlyForDeploymentPostprocessing = 0;
		};
		89E461BC21C7B64C004A312D /* Sources */ = {
			isa = PBXSourcesBuildPhase;
			buildActionMask = 2147483647;
			files = (
				89E461C521C7B64C004A312D /* AnimationsTests.swift in Sources */,
			);
			runOnlyForDeploymentPostprocessing = 0;
		};
		89E461C721C7B64C004A312D /* Sources */ = {
			isa = PBXSourcesBuildPhase;
			buildActionMask = 2147483647;
			files = (
				89E461D021C7B64C004A312D /* AnimationsUITests.swift in Sources */,
			);
			runOnlyForDeploymentPostprocessing = 0;
		};
/* End PBXSourcesBuildPhase section */

/* Begin PBXTargetDependency section */
		89E461C221C7B64C004A312D /* PBXTargetDependency */ = {
			isa = PBXTargetDependency;
			target = 89E461A821C7B634004A312D /* Animations */;
			targetProxy = 89E461C121C7B64C004A312D /* PBXContainerItemProxy */;
		};
		89E461CD21C7B64C004A312D /* PBXTargetDependency */ = {
			isa = PBXTargetDependency;
			target = 89E461A821C7B634004A312D /* Animations */;
			targetProxy = 89E461CC21C7B64C004A312D /* PBXContainerItemProxy */;
		};
/* End PBXTargetDependency section */

/* Begin PBXVariantGroup section */
		89E461B021C7B634004A312D /* Main.storyboard */ = {
			isa = PBXVariantGroup;
			children = (
				89E461B121C7B634004A312D /* Base */,
			);
			name = Main.storyboard;
			sourceTree = "<group>";
		};
		89E461B821C7B64C004A312D /* LaunchScreen.storyboard */ = {
			isa = PBXVariantGroup;
			children = (
				89E461B921C7B64C004A312D /* Base */,
			);
			name = LaunchScreen.storyboard;
			sourceTree = "<group>";
		};
/* End PBXVariantGroup section */

/* Begin XCBuildConfiguration section */
		89E461D221C7B64C004A312D /* Debug */ = {
			isa = XCBuildConfiguration;
			buildSettings = {
				ALWAYS_SEARCH_USER_PATHS = NO;
				CLANG_ANALYZER_NONNULL = YES;
				CLANG_ANALYZER_NUMBER_OBJECT_CONVERSION = YES_AGGRESSIVE;
				CLANG_CXX_LANGUAGE_STANDARD = "gnu++14";
				CLANG_CXX_LIBRARY = "libc++";
				CLANG_ENABLE_MODULES = YES;
				CLANG_ENABLE_OBJC_ARC = YES;
				CLANG_ENABLE_OBJC_WEAK = YES;
				CLANG_WARN_BLOCK_CAPTURE_AUTORELEASING = YES;
				CLANG_WARN_BOOL_CONVERSION = YES;
				CLANG_WARN_COMMA = YES;
				CLANG_WARN_CONSTANT_CONVERSION = YES;
				CLANG_WARN_DEPRECATED_OBJC_IMPLEMENTATIONS = YES;
				CLANG_WARN_DIRECT_OBJC_ISA_USAGE = YES_ERROR;
				CLANG_WARN_DOCUMENTATION_COMMENTS = YES;
				CLANG_WARN_EMPTY_BODY = YES;
				CLANG_WARN_ENUM_CONVERSION = YES;
				CLANG_WARN_INFINITE_RECURSION = YES;
				CLANG_WARN_INT_CONVERSION = YES;
				CLANG_WARN_NON_LITERAL_NULL_CONVERSION = YES;
				CLANG_WARN_OBJC_IMPLICIT_RETAIN_SELF = YES;
				CLANG_WARN_OBJC_LITERAL_CONVERSION = YES;
				CLANG_WARN_OBJC_ROOT_CLASS = YES_ERROR;
				CLANG_WARN_RANGE_LOOP_ANALYSIS = YES;
				CLANG_WARN_STRICT_PROTOTYPES = YES;
				CLANG_WARN_SUSPICIOUS_MOVE = YES;
				CLANG_WARN_UNGUARDED_AVAILABILITY = YES_AGGRESSIVE;
				CLANG_WARN_UNREACHABLE_CODE = YES;
				CLANG_WARN__DUPLICATE_METHOD_MATCH = YES;
				CODE_SIGN_IDENTITY = "iPhone Developer";
				COPY_PHASE_STRIP = NO;
				DEBUG_INFORMATION_FORMAT = dwarf;
				ENABLE_STRICT_OBJC_MSGSEND = YES;
				ENABLE_TESTABILITY = YES;
				GCC_C_LANGUAGE_STANDARD = gnu11;
				GCC_DYNAMIC_NO_PIC = NO;
				GCC_NO_COMMON_BLOCKS = YES;
				GCC_OPTIMIZATION_LEVEL = 0;
				GCC_PREPROCESSOR_DEFINITIONS = (
					"DEBUG=1",
					"$(inherited)",
				);
				GCC_WARN_64_TO_32_BIT_CONVERSION = YES;
				GCC_WARN_ABOUT_RETURN_TYPE = YES_ERROR;
				GCC_WARN_UNDECLARED_SELECTOR = YES;
				GCC_WARN_UNINITIALIZED_AUTOS = YES_AGGRESSIVE;
				GCC_WARN_UNUSED_FUNCTION = YES;
				GCC_WARN_UNUSED_VARIABLE = YES;
				IPHONEOS_DEPLOYMENT_TARGET = 11.4;
				MTL_ENABLE_DEBUG_INFO = YES;
				ONLY_ACTIVE_ARCH = YES;
				SDKROOT = iphoneos;
				SWIFT_ACTIVE_COMPILATION_CONDITIONS = DEBUG;
				SWIFT_OPTIMIZATION_LEVEL = "-Onone";
			};
			name = Debug;
		};
		89E461D321C7B64C004A312D /* Release */ = {
			isa = XCBuildConfiguration;
			buildSettings = {
				ALWAYS_SEARCH_USER_PATHS = NO;
				CLANG_ANALYZER_NONNULL = YES;
				CLANG_ANALYZER_NUMBER_OBJECT_CONVERSION = YES_AGGRESSIVE;
				CLANG_CXX_LANGUAGE_STANDARD = "gnu++14";
				CLANG_CXX_LIBRARY = "libc++";
				CLANG_ENABLE_MODULES = YES;
				CLANG_ENABLE_OBJC_ARC = YES;
				CLANG_ENABLE_OBJC_WEAK = YES;
				CLANG_WARN_BLOCK_CAPTURE_AUTORELEASING = YES;
				CLANG_WARN_BOOL_CONVERSION = YES;
				CLANG_WARN_COMMA = YES;
				CLANG_WARN_CONSTANT_CONVERSION = YES;
				CLANG_WARN_DEPRECATED_OBJC_IMPLEMENTATIONS = YES;
				CLANG_WARN_DIRECT_OBJC_ISA_USAGE = YES_ERROR;
				CLANG_WARN_DOCUMENTATION_COMMENTS = YES;
				CLANG_WARN_EMPTY_BODY = YES;
				CLANG_WARN_ENUM_CONVERSION = YES;
				CLANG_WARN_INFINITE_RECURSION = YES;
				CLANG_WARN_INT_CONVERSION = YES;
				CLANG_WARN_NON_LITERAL_NULL_CONVERSION = YES;
				CLANG_WARN_OBJC_IMPLICIT_RETAIN_SELF = YES;
				CLANG_WARN_OBJC_LITERAL_CONVERSION = YES;
				CLANG_WARN_OBJC_ROOT_CLASS = YES_ERROR;
				CLANG_WARN_RANGE_LOOP_ANALYSIS = YES;
				CLANG_WARN_STRICT_PROTOTYPES = YES;
				CLANG_WARN_SUSPICIOUS_MOVE = YES;
				CLANG_WARN_UNGUARDED_AVAILABILITY = YES_AGGRESSIVE;
				CLANG_WARN_UNREACHABLE_CODE = YES;
				CLANG_WARN__DUPLICATE_METHOD_MATCH = YES;
				CODE_SIGN_IDENTITY = "iPhone Developer";
				COPY_PHASE_STRIP = NO;
				DEBUG_INFORMATION_FORMAT = "dwarf-with-dsym";
				ENABLE_NS_ASSERTIONS = NO;
				ENABLE_STRICT_OBJC_MSGSEND = YES;
				GCC_C_LANGUAGE_STANDARD = gnu11;
				GCC_NO_COMMON_BLOCKS = YES;
				GCC_WARN_64_TO_32_BIT_CONVERSION = YES;
				GCC_WARN_ABOUT_RETURN_TYPE = YES_ERROR;
				GCC_WARN_UNDECLARED_SELECTOR = YES;
				GCC_WARN_UNINITIALIZED_AUTOS = YES_AGGRESSIVE;
				GCC_WARN_UNUSED_FUNCTION = YES;
				GCC_WARN_UNUSED_VARIABLE = YES;
				IPHONEOS_DEPLOYMENT_TARGET = 11.4;
				MTL_ENABLE_DEBUG_INFO = NO;
				SDKROOT = iphoneos;
				SWIFT_COMPILATION_MODE = wholemodule;
				SWIFT_OPTIMIZATION_LEVEL = "-O";
				VALIDATE_PRODUCT = YES;
			};
			name = Release;
		};
		89E461D521C7B64C004A312D /* Debug */ = {
			isa = XCBuildConfiguration;
			buildSettings = {
				ASSETCATALOG_COMPILER_APPICON_NAME = AppIcon;
				CODE_SIGN_STYLE = Automatic;
				INFOPLIST_FILE = Animations/Info.plist;
				LD_RUNPATH_SEARCH_PATHS = (
					"$(inherited)",
					"@executable_path/Frameworks",
				);
				PRODUCT_BUNDLE_IDENTIFIER = SBasic.Animations;
				PRODUCT_NAME = "$(TARGET_NAME)";
				SWIFT_VERSION = 4.0;
				TARGETED_DEVICE_FAMILY = "1,2";
			};
			name = Debug;
		};
		89E461D621C7B64C004A312D /* Release */ = {
			isa = XCBuildConfiguration;
			buildSettings = {
				ASSETCATALOG_COMPILER_APPICON_NAME = AppIcon;
				CODE_SIGN_STYLE = Automatic;
				INFOPLIST_FILE = Animations/Info.plist;
				LD_RUNPATH_SEARCH_PATHS = (
					"$(inherited)",
					"@executable_path/Frameworks",
				);
				PRODUCT_BUNDLE_IDENTIFIER = SBasic.Animations;
				PRODUCT_NAME = "$(TARGET_NAME)";
				SWIFT_VERSION = 4.0;
				TARGETED_DEVICE_FAMILY = "1,2";
			};
			name = Release;
		};
		89E461D821C7B64C004A312D /* Debug */ = {
			isa = XCBuildConfiguration;
			buildSettings = {
				ALWAYS_EMBED_SWIFT_STANDARD_LIBRARIES = YES;
				BUNDLE_LOADER = "$(TEST_HOST)";
				CODE_SIGN_STYLE = Automatic;
				INFOPLIST_FILE = AnimationsTests/Info.plist;
				LD_RUNPATH_SEARCH_PATHS = (
					"$(inherited)",
					"@executable_path/Frameworks",
					"@loader_path/Frameworks",
				);
				PRODUCT_BUNDLE_IDENTIFIER = SBasic.AnimationsTests;
				PRODUCT_NAME = "$(TARGET_NAME)";
				SWIFT_VERSION = 4.0;
				TARGETED_DEVICE_FAMILY = "1,2";
				TEST_HOST = "$(BUILT_PRODUCTS_DIR)/Animations.app/Animations";
			};
			name = Debug;
		};
		89E461D921C7B64C004A312D /* Release */ = {
			isa = XCBuildConfiguration;
			buildSettings = {
				ALWAYS_EMBED_SWIFT_STANDARD_LIBRARIES = YES;
				BUNDLE_LOADER = "$(TEST_HOST)";
				CODE_SIGN_STYLE = Automatic;
				INFOPLIST_FILE = AnimationsTests/Info.plist;
				LD_RUNPATH_SEARCH_PATHS = (
					"$(inherited)",
					"@executable_path/Frameworks",
					"@loader_path/Frameworks",
				);
				PRODUCT_BUNDLE_IDENTIFIER = SBasic.AnimationsTests;
				PRODUCT_NAME = "$(TARGET_NAME)";
				SWIFT_VERSION = 4.0;
				TARGETED_DEVICE_FAMILY = "1,2";
				TEST_HOST = "$(BUILT_PRODUCTS_DIR)/Animations.app/Animations";
			};
			name = Release;
		};
		89E461DB21C7B64C004A312D /* Debug */ = {
			isa = XCBuildConfiguration;
			buildSettings = {
				ALWAYS_EMBED_SWIFT_STANDARD_LIBRARIES = YES;
				CODE_SIGN_STYLE = Automatic;
				INFOPLIST_FILE = AnimationsUITests/Info.plist;
				LD_RUNPATH_SEARCH_PATHS = (
					"$(inherited)",
					"@executable_path/Frameworks",
					"@loader_path/Frameworks",
				);
				PRODUCT_BUNDLE_IDENTIFIER = SBasic.AnimationsUITests;
				PRODUCT_NAME = "$(TARGET_NAME)";
				SWIFT_VERSION = 4.0;
				TARGETED_DEVICE_FAMILY = "1,2";
				TEST_TARGET_NAME = Animations;
			};
			name = Debug;
		};
		89E461DC21C7B64C004A312D /* Release */ = {
			isa = XCBuildConfiguration;
			buildSettings = {
				ALWAYS_EMBED_SWIFT_STANDARD_LIBRARIES = YES;
				CODE_SIGN_STYLE = Automatic;
				INFOPLIST_FILE = AnimationsUITests/Info.plist;
				LD_RUNPATH_SEARCH_PATHS = (
					"$(inherited)",
					"@executable_path/Frameworks",
					"@loader_path/Frameworks",
				);
				PRODUCT_BUNDLE_IDENTIFIER = SBasic.AnimationsUITests;
				PRODUCT_NAME = "$(TARGET_NAME)";
				SWIFT_VERSION = 4.0;
				TARGETED_DEVICE_FAMILY = "1,2";
				TEST_TARGET_NAME = Animations;
			};
			name = Release;
		};
/* End XCBuildConfiguration section */

/* Begin XCConfigurationList section */
		89E461A421C7B634004A312D /* Build configuration list for PBXProject "Animations" */ = {
			isa = XCConfigurationList;
			buildConfigurations = (
				89E461D221C7B64C004A312D /* Debug */,
				89E461D321C7B64C004A312D /* Release */,
			);
			defaultConfigurationIsVisible = 0;
			defaultConfigurationName = Release;
		};
		89E461D421C7B64C004A312D /* Build configuration list for PBXNativeTarget "Animations" */ = {
			isa = XCConfigurationList;
			buildConfigurations = (
				89E461D521C7B64C004A312D /* Debug */,
				89E461D621C7B64C004A312D /* Release */,
			);
			defaultConfigurationIsVisible = 0;
			defaultConfigurationName = Release;
		};
		89E461D721C7B64C004A312D /* Build configuration list for PBXNativeTarget "AnimationsTests" */ = {
			isa = XCConfigurationList;
			buildConfigurations = (
				89E461D821C7B64C004A312D /* Debug */,
				89E461D921C7B64C004A312D /* Release */,
			);
			defaultConfigurationIsVisible = 0;
			defaultConfigurationName = Release;
		};
		89E461DA21C7B64C004A312D /* Build configuration list for PBXNativeTarget "AnimationsUITests" */ = {
			isa = XCConfigurationList;
			buildConfigurations = (
				89E461DB21C7B64C004A312D /* Debug */,
				89E461DC21C7B64C004A312D /* Release */,
			);
			defaultConfigurationIsVisible = 0;
			defaultConfigurationName = Release;
		};
/* End XCConfigurationList section */

/* Begin XCVersionGroup section */
		89E461B321C7B634004A312D /* Animations.xcdatamodeld */ = {
			isa = XCVersionGroup;
			children = (
				89E461B421C7B634004A312D /* Animations.xcdatamodel */,
			);
			currentVersion = 89E461B421C7B634004A312D /* Animations.xcdatamodel */;
			path = Animations.xcdatamodeld;
			sourceTree = "<group>";
			versionGroupType = wrapper.xcdatamodel;
		};
/* End XCVersionGroup section */
	};
	rootObject = 89E461A121C7B634004A312D /* Project object */;
}
